
Microsoft Visual Studio Solution File, Format Version 12.00
# Visual Studio Version 17
VisualStudioVersion = 17.5.002.0
MinimumVisualStudioVersion = 10.0.40219.1
Project("{2150E333-8FDC-42A3-9474-1A3956D46DE8}") = "csharp", "csharp", "{4F65547D-BD13-4067-922F-EF4B34A2C49A}"
EndProject
Project("{9A19103F-16F7-4668-BE54-9A1E7A4F7556}") = "HelloWorld", "csharp\hello-world\HelloWorld.csproj", "{37F32B4A-D79D-4C76-B950-DF9B8BA9F75C}"
EndProject
Global
	GlobalSection(SolutionConfigurationPlatforms) = preSolution
		Debug|Any CPU = Debug|Any CPU
		Release|Any CPU = Release|Any CPU
	EndGlobalSection
	GlobalSection(ProjectConfigurationPlatforms) = postSolution
		{37F32B4A-D79D-4C76-B950-DF9B8BA9F75C}.Debug|Any CPU.ActiveCfg = Debug|Any CPU
		{37F32B4A-D79D-4C76-B950-DF9B8BA9F75C}.Debug|Any CPU.Build.0 = Debug|Any CPU
		{37F32B4A-D79D-4C76-B950-DF9B8BA9F75C}.Release|Any CPU.ActiveCfg = Release|Any CPU
		{37F32B4A-D79D-4C76-B950-DF9B8BA9F75C}.Release|Any CPU.Build.0 = Release|Any CPU
	EndGlobalSection
	GlobalSection(SolutionProperties) = preSolution
		HideSolutionNode = FALSE
	EndGlobalSection
	GlobalSection(NestedProjects) = preSolution
		{37F32B4A-D79D-4C76-B950-DF9B8BA9F75C} = {4F65547D-BD13-4067-922F-EF4B34A2C49A}
	EndGlobalSection
	GlobalSection(ExtensibilityGlobals) = postSolution
		SolutionGuid = {F41BF7E3-92D5-46C6-B8E1-EA3373B8C69C}
	EndGlobalSection
EndGlobal
